{
  "name": "ai-powered-content-summarizer",
  "version": "1.0.0",
  "lockfileVersion": 3,
  "requires": true,
  "packages": {
    "": {
      "name": "ai-powered-content-summarizer",
      "version": "1.0.0",
      "license": "ISC",
      "dependencies": {
        "chromadb": "^3.4.3",
        "groq-sdk": "^1.2.0"
      }
    },
    "node_modules/chromadb": {
      "version": "3.4.3",
      "resolved": "https://registry.npmjs.org/chromadb/-/chromadb-3.4.3.tgz",
      "integrity": "sha512-AouHyTh70Ux1w5TKDmk54wGAszY7NtU/DXyC7o3qGuE8b+b1nT/W3+s8UVd9XwqGZIR4A76+g4u7yJuV/WU3OA==",
      "license": "Apache-2.0",
      "dependencies": {
        "semver": "^7.7.1"
      },
      "bin": {
        "chroma": "dist/cli.mjs"
      },
      "engines": {
        "node": ">=20"
      },
      "optionalDependencies": {
        "chromadb-js-bindings-darwin-arm64": "^1.3.3",
        "chromadb-js-bindings-darwin-x64": "^1.3.3",
        "chromadb-js-bindings-linux-arm64-gnu": "^1.3.3",
        "chromadb-js-bindings-linux-x64-gnu": "^1.3.3",
        "chromadb-js-bindings-win32-x64-msvc": "^1.3.3"
      }
    },
    "node_modules/chromadb-js-bindings-darwin-arm64": {
      "version": "1.3.4",
      "resolved": "https://registry.npmjs.org/chromadb-js-bindings-darwin-arm64/-/chromadb-js-bindings-darwin-arm64-1.3.4.tgz",
      "integrity": "sha512-pDdWCcR0hCz3pSDiIijBito7YG6FumewfzYE2mIjSwjrO1CKSfQKLwDdTVK4ZNpVGQa16ePoMX+pg7ShSUARJg==",
      "cpu": [
        "arm64"
      ],
      "license": "MIT",
      "optional": true,
      "os": [
        "darwin"
      ],
      "engines": {
        "node": ">= 10"
      }
    },
    "node_modules/chromadb-js-bindings-darwin-x64": {
      "version": "1.3.4",
      "resolved": "https://registry.npmjs.org/chromadb-js-bindings-darwin-x64/-/chromadb-js-bindings-darwin-x64-1.3.4.tgz",
      "integrity": "sha512-5vKVFXSFo+S9qC9by/7oofjcXqQK4IGHiUnPrvTfc7B52gNlPSKeyDO1wha556COc3KtXSZjICEH0nYBJ8UXng==",
      "cpu": [
        "x64"
      ],
      "license": "MIT",
      "optional": true,
      "os": [
        "darwin"
      ],
      "engines": {
        "node": ">= 10"
      }
    },
    "node_modules/chromadb-js-bindings-linux-arm64-gnu": {
      "version": "1.3.4",
      "resolved": "https://registry.npmjs.org/chromadb-js-bindings-linux-arm64-gnu/-/chromadb-js-bindings-linux-arm64-gnu-1.3.4.tgz",
      "integrity": "sha512-ELiqDZzU5mZd1BvZugGrhoMkVeNyQaa+PGizd06WIpIJVoHY+S+9ZBjdeM6ZkRnL3vTxD79XBrosxNWhzqy/kg==",
      "cpu": [
        "arm64"
      ],
      "license": "MIT",
      "optional": true,
      "os": [
        "linux"
      ],
      "engines": {
        "node": ">= 10"
      }
    },
    "node_modules/chromadb-js-bindings-linux-x64-gnu": {
      "version": "1.3.4",
      "resolved": "https://registry.npmjs.org/chromadb-js-bindings-linux-x64-gnu/-/chromadb-js-bindings-linux-x64-gnu-1.3.4.tgz",
      "integrity": "sha512-HmTUe7PEIaBngCQ70Yyle81z2wYyg9OMgJYyRUNBYCBp4ED6zTmdaOro41Vs/c/h2UyQeBXFIKNmHDeD2Nr2fw==",
      "cpu": [
        "x64"
      ],
      "license": "MIT",
      "optional": true,
      "os": [
        "linux"
      ],
      "engines": {
        "node": ">= 10"
      }
    },
    "node_modules/chromadb-js-bindings-win32-x64-msvc": {
      "version": "1.3.4",
      "resolved": "https://registry.npmjs.org/chromadb-js-bindings-win32-x64-msvc/-/chromadb-js-bindings-win32-x64-msvc-1.3.4.tgz",
      "integrity": "sha512-punrofQRzKspNMxHmv24qoPeRycV2T3KfedekGV4lOuPPG14i6qggS4x/OWLSAK7ozPfBbrzCejvCa5wfvujhQ==",
      "cpu": [
        "x64"
      ],
      "license": "MIT",
      "optional": true,
      "os": [
        "win32"
      ],
      "engines": {
        "node": ">= 10"
      }
    },
    "node_modules/groq-sdk": {
      "version": "1.2.0",
      "resolved": "https://registry.npmjs.org/groq-sdk/-/groq-sdk-1.2.0.tgz",
      "integrity": "sha512-pMhSYXWcjiqvbOeKdv2zjci1BYjGdp04a40hnmQmJpKJyB6oa+gRndAqE128gwR0NLgYO+Wt1fIF46KNHcplsw==",
      "license": "Apache-2.0",
      "bin": {
        "groq-sdk": "bin/cli"
      }
    },
    "node_modules/semver": {
      "version": "7.8.1",
      "resolved": "https://registry.npmjs.org/semver/-/semver-7.8.1.tgz",
      "integrity": "sha512-rkVq3IXh+4FDGch+KwzX3aV9W3kO54GyEgpvBzSyctDA6Xtd7RJQV1xmXbeQp5v7+VzLOfVqiutSE6GICgPFvg==",
      "license": "ISC",
      "bin": {
        "semver": "bin/semver.js"
      },
      "engines": {
        "node": ">=10"
      }
    }
  }
}
